
Microsoft Visual Studio Solution File, Format Version 12.00
# Visual Studio Version 17
VisualStudioVersion = 17.5.002.0
MinimumVisualStudioVersion = 10.0.40219.1
Project("{9A19103F-16F7-4668-BE54-9A1E7A4F7556}") = "test", "test.csproj", "{EDB2CA4B-890E-4C1A-902B-DD282C6207E4}"
EndProject
Global
	GlobalSection(SolutionConfigurationPlatforms) = preSolution
		Debug|Any CPU = Debug|Any CPU
		Release|Any CPU = Release|Any CPU
	EndGlobalSection
	GlobalSection(ProjectConfigurationPlatforms) = postSolution
		{EDB2CA4B-890E-4C1A-902B-DD282C6207E4}.Debug|Any CPU.ActiveCfg = Debug|Any CPU
		{EDB2CA4B-890E-4C1A-902B-DD282C6207E4}.Debug|Any CPU.Build.0 = Debug|Any CPU
		{EDB2CA4B-890E-4C1A-902B-DD282C6207E4}.Release|Any CPU.ActiveCfg = Release|Any CPU
		{EDB2CA4B-890E-4C1A-902B-DD282C6207E4}.Release|Any CPU.Build.0 = Release|Any CPU
	EndGlobalSection
	GlobalSection(SolutionProperties) = preSolution
		HideSolutionNode = FALSE
	EndGlobalSection
	GlobalSection(ExtensibilityGlobals) = postSolution
		SolutionGuid = {344E30D1-C074-4E04-A80E-3FFDAC231B85}
	EndGlobalSection
EndGlobal
