
Microsoft Visual Studio Solution File, Format Version 12.00
# Visual Studio 14
VisualStudioVersion = 14.0.24720.0
MinimumVisualStudioVersion = 10.0.40219.1
Project("{2150E333-8FDC-42A3-9474-1A3956D46DE8}") = "Solution Items", "Solution Items", "{13CABC51-730F-4BF9-AC6F-352C09A57C7E}"
	ProjectSection(SolutionItems) = preProject
		LocalTestRun.testrunconfig = LocalTestRun.testrunconfig
		smtp4dev.vsmdi = smtp4dev.vsmdi
		SolutionInfo.cs = SolutionInfo.cs
	EndProjectSection
EndProject
Project("{2150E333-8FDC-42A3-9474-1A3956D46DE8}") = "Examples", "Examples", "{FD5F0B9D-06E8-45F0-9F96-AC7747396F3E}"
EndProject
Project("{FAE04EC0-301F-11D3-BF4B-00C04F79EFBC}") = "Rnwood.SmtpServer", "Rnwood.SmtpServer\Rnwood.SmtpServer.csproj", "{C5BBE7C2-0EA0-4E50-95FF-BF07EA1B93FF}"
EndProject
Project("{FAE04EC0-301F-11D3-BF4B-00C04F79EFBC}") = "Rnwood.SmtpServer.Tests", "Rnwood.SmtpServer.Tests\Rnwood.SmtpServer.Tests.csproj", "{A9B2D06F-970D-4197-843E-B658CDBF7D88}"
EndProject
Project("{FAE04EC0-301F-11D3-BF4B-00C04F79EFBC}") = "SimpleServer", "Rnwood.SmtpServer\Examples\SimpleServer\SimpleServer.csproj", "{08B47A5D-D87C-4D48-856F-D30FDCCDB7F0}"
EndProject
Project("{FAE04EC0-301F-11D3-BF4B-00C04F79EFBC}") = "WindowsService", "Rnwood.SmtpServer\Examples\WindowsService\WindowsService.csproj", "{B6D12678-5E09-4AFA-AADA-615619889EBA}"
EndProject
Project("{8BB2217D-0F2D-49D1-97BC-3654ED321F3B}") = "Rnwood.Smtp4dev", "Rnwood.Smtp4dev\Rnwood.Smtp4dev.xproj", "{A491CB16-9C53-40F9-9FD6-1DF30D359925}"
EndProject
Global
	GlobalSection(SolutionConfigurationPlatforms) = preSolution
		Debug|Any CPU = Debug|Any CPU
		Debug|Mixed Platforms = Debug|Mixed Platforms
		Debug|x86 = Debug|x86
		Release|Any CPU = Release|Any CPU
		Release|Mixed Platforms = Release|Mixed Platforms
		Release|x86 = Release|x86
	EndGlobalSection
	GlobalSection(ProjectConfigurationPlatforms) = postSolution
		{C5BBE7C2-0EA0-4E50-95FF-BF07EA1B93FF}.Debug|Any CPU.ActiveCfg = Debug|Any CPU
		{C5BBE7C2-0EA0-4E50-95FF-BF07EA1B93FF}.Debug|Any CPU.Build.0 = Debug|Any CPU
		{C5BBE7C2-0EA0-4E50-95FF-BF07EA1B93FF}.Debug|Mixed Platforms.ActiveCfg = Debug|Any CPU
		{C5BBE7C2-0EA0-4E50-95FF-BF07EA1B93FF}.Debug|Mixed Platforms.Build.0 = Debug|Any CPU
		{C5BBE7C2-0EA0-4E50-95FF-BF07EA1B93FF}.Debug|x86.ActiveCfg = Debug|Any CPU
		{C5BBE7C2-0EA0-4E50-95FF-BF07EA1B93FF}.Release|Any CPU.ActiveCfg = Release|Any CPU
		{C5BBE7C2-0EA0-4E50-95FF-BF07EA1B93FF}.Release|Any CPU.Build.0 = Release|Any CPU
		{C5BBE7C2-0EA0-4E50-95FF-BF07EA1B93FF}.Release|Mixed Platforms.ActiveCfg = Release|Any CPU
		{C5BBE7C2-0EA0-4E50-95FF-BF07EA1B93FF}.Release|Mixed Platforms.Build.0 = Release|Any CPU
		{C5BBE7C2-0EA0-4E50-95FF-BF07EA1B93FF}.Release|x86.ActiveCfg = Release|Any CPU
		{A9B2D06F-970D-4197-843E-B658CDBF7D88}.Debug|Any CPU.ActiveCfg = Debug|Any CPU
		{A9B2D06F-970D-4197-843E-B658CDBF7D88}.Debug|Any CPU.Build.0 = Debug|Any CPU
		{A9B2D06F-970D-4197-843E-B658CDBF7D88}.Debug|Mixed Platforms.ActiveCfg = Debug|Any CPU
		{A9B2D06F-970D-4197-843E-B658CDBF7D88}.Debug|Mixed Platforms.Build.0 = Debug|Any CPU
		{A9B2D06F-970D-4197-843E-B658CDBF7D88}.Debug|x86.ActiveCfg = Debug|Any CPU
		{A9B2D06F-970D-4197-843E-B658CDBF7D88}.Release|Any CPU.ActiveCfg = Release|Any CPU
		{A9B2D06F-970D-4197-843E-B658CDBF7D88}.Release|Any CPU.Build.0 = Release|Any CPU
		{A9B2D06F-970D-4197-843E-B658CDBF7D88}.Release|Mixed Platforms.ActiveCfg = Release|Any CPU
		{A9B2D06F-970D-4197-843E-B658CDBF7D88}.Release|Mixed Platforms.Build.0 = Release|Any CPU
		{A9B2D06F-970D-4197-843E-B658CDBF7D88}.Release|x86.ActiveCfg = Release|Any CPU
		{08B47A5D-D87C-4D48-856F-D30FDCCDB7F0}.Debug|Any CPU.ActiveCfg = Debug|Any CPU
		{08B47A5D-D87C-4D48-856F-D30FDCCDB7F0}.Debug|Any CPU.Build.0 = Debug|Any CPU
		{08B47A5D-D87C-4D48-856F-D30FDCCDB7F0}.Debug|Mixed Platforms.ActiveCfg = Debug|Any CPU
		{08B47A5D-D87C-4D48-856F-D30FDCCDB7F0}.Debug|Mixed Platforms.Build.0 = Debug|Any CPU
		{08B47A5D-D87C-4D48-856F-D30FDCCDB7F0}.Debug|x86.ActiveCfg = Debug|Any CPU
		{08B47A5D-D87C-4D48-856F-D30FDCCDB7F0}.Release|Any CPU.ActiveCfg = Release|Any CPU
		{08B47A5D-D87C-4D48-856F-D30FDCCDB7F0}.Release|Any CPU.Build.0 = Release|Any CPU
		{08B47A5D-D87C-4D48-856F-D30FDCCDB7F0}.Release|Mixed Platforms.ActiveCfg = Release|Any CPU
		{08B47A5D-D87C-4D48-856F-D30FDCCDB7F0}.Release|Mixed Platforms.Build.0 = Release|Any CPU
		{08B47A5D-D87C-4D48-856F-D30FDCCDB7F0}.Release|x86.ActiveCfg = Release|Any CPU
		{B6D12678-5E09-4AFA-AADA-615619889EBA}.Debug|Any CPU.ActiveCfg = Debug|Any CPU
		{B6D12678-5E09-4AFA-AADA-615619889EBA}.Debug|Any CPU.Build.0 = Debug|Any CPU
		{B6D12678-5E09-4AFA-AADA-615619889EBA}.Debug|Mixed Platforms.ActiveCfg = Debug|Any CPU
		{B6D12678-5E09-4AFA-AADA-615619889EBA}.Debug|Mixed Platforms.Build.0 = Debug|Any CPU
		{B6D12678-5E09-4AFA-AADA-615619889EBA}.Debug|x86.ActiveCfg = Debug|Any CPU
		{B6D12678-5E09-4AFA-AADA-615619889EBA}.Release|Any CPU.ActiveCfg = Release|Any CPU
		{B6D12678-5E09-4AFA-AADA-615619889EBA}.Release|Any CPU.Build.0 = Release|Any CPU
		{B6D12678-5E09-4AFA-AADA-615619889EBA}.Release|Mixed Platforms.ActiveCfg = Release|Any CPU
		{B6D12678-5E09-4AFA-AADA-615619889EBA}.Release|Mixed Platforms.Build.0 = Release|Any CPU
		{B6D12678-5E09-4AFA-AADA-615619889EBA}.Release|x86.ActiveCfg = Release|Any CPU
		{A491CB16-9C53-40F9-9FD6-1DF30D359925}.Debug|Any CPU.ActiveCfg = Debug|Any CPU
		{A491CB16-9C53-40F9-9FD6-1DF30D359925}.Debug|Any CPU.Build.0 = Debug|Any CPU
		{A491CB16-9C53-40F9-9FD6-1DF30D359925}.Debug|Mixed Platforms.ActiveCfg = Debug|Any CPU
		{A491CB16-9C53-40F9-9FD6-1DF30D359925}.Debug|Mixed Platforms.Build.0 = Debug|Any CPU
		{A491CB16-9C53-40F9-9FD6-1DF30D359925}.Debug|x86.ActiveCfg = Debug|Any CPU
		{A491CB16-9C53-40F9-9FD6-1DF30D359925}.Debug|x86.Build.0 = Debug|Any CPU
		{A491CB16-9C53-40F9-9FD6-1DF30D359925}.Release|Any CPU.ActiveCfg = Release|Any CPU
		{A491CB16-9C53-40F9-9FD6-1DF30D359925}.Release|Any CPU.Build.0 = Release|Any CPU
		{A491CB16-9C53-40F9-9FD6-1DF30D359925}.Release|Mixed Platforms.ActiveCfg = Release|Any CPU
		{A491CB16-9C53-40F9-9FD6-1DF30D359925}.Release|Mixed Platforms.Build.0 = Release|Any CPU
		{A491CB16-9C53-40F9-9FD6-1DF30D359925}.Release|x86.ActiveCfg = Release|Any CPU
		{A491CB16-9C53-40F9-9FD6-1DF30D359925}.Release|x86.Build.0 = Release|Any CPU
	EndGlobalSection
	GlobalSection(SolutionProperties) = preSolution
		HideSolutionNode = FALSE
	EndGlobalSection
	GlobalSection(NestedProjects) = preSolution
		{08B47A5D-D87C-4D48-856F-D30FDCCDB7F0} = {FD5F0B9D-06E8-45F0-9F96-AC7747396F3E}
		{B6D12678-5E09-4AFA-AADA-615619889EBA} = {FD5F0B9D-06E8-45F0-9F96-AC7747396F3E}
	EndGlobalSection
	GlobalSection(TestCaseManagementSettings) = postSolution
		CategoryFile = smtp4dev.vsmdi
	EndGlobalSection
EndGlobal
