
Microsoft Visual Studio Solution File, Format Version 12.00
# Visual Studio 15
VisualStudioVersion = 15.0.27130.2020
MinimumVisualStudioVersion = 10.0.40219.1
Project("{9A19103F-16F7-4668-BE54-9A1E7A4F7556}") = "Rnwood.Smtp4dev", "Rnwood.Smtp4dev\Rnwood.Smtp4dev.csproj", "{A99FC28D-A952-4174-8F01-91AC22747C3A}"
EndProject
Global
	GlobalSection(SolutionConfigurationPlatforms) = preSolution
		Debug|Any CPU = Debug|Any CPU
		Release|Any CPU = Release|Any CPU
	EndGlobalSection
	GlobalSection(ProjectConfigurationPlatforms) = postSolution
		{A99FC28D-A952-4174-8F01-91AC22747C3A}.Debug|Any CPU.ActiveCfg = Debug|Any CPU
		{A99FC28D-A952-4174-8F01-91AC22747C3A}.Debug|Any CPU.Build.0 = Debug|Any CPU
		{A99FC28D-A952-4174-8F01-91AC22747C3A}.Release|Any CPU.ActiveCfg = Release|Any CPU
		{A99FC28D-A952-4174-8F01-91AC22747C3A}.Release|Any CPU.Build.0 = Release|Any CPU
	EndGlobalSection
	GlobalSection(SolutionProperties) = preSolution
		HideSolutionNode = FALSE
	EndGlobalSection
	GlobalSection(ExtensibilityGlobals) = postSolution
		SolutionGuid = {533B7CBF-9EBE-4336-A215-A95484DD03FF}
	EndGlobalSection
EndGlobal
