
Microsoft Visual Studio Solution File, Format Version 12.00
# Visual Studio Version 16
VisualStudioVersion = 16.0.31229.75
MinimumVisualStudioVersion = 10.0.40219.1
Project("{9A19103F-16F7-4668-BE54-9A1E7A4F7556}") = "Rnwood.LumiSoft.Net", "New.LumiSoft.Net\Rnwood.LumiSoft.Net.csproj", "{BCB0F7A4-9F82-463B-8E1C-49652D87BF35}"
EndProject
Project("{9A19103F-16F7-4668-BE54-9A1E7A4F7556}") = "Rnwood.LumiSoftNet.Test.Mail", "Example\NewLumiSoftNet.Test.Mail\Rnwood.LumiSoftNet.Test.Mail.csproj", "{B662C716-AAF9-47B9-832E-33CEBEA2AAE6}"
EndProject
Project("{FAE04EC0-301F-11D3-BF4B-00C04F79EFBC}") = "Rnwood.LumiSoft.Net.Tests", "New.LumiSoft.Net.Tests\Rnwood.LumiSoft.Net.Tests.csproj", "{4D02F07B-7DBE-411B-BDBB-BD9DE25E7B07}"
EndProject
Global
	GlobalSection(SolutionConfigurationPlatforms) = preSolution
		Debug|Any CPU = Debug|Any CPU
		Release|Any CPU = Release|Any CPU
	EndGlobalSection
	GlobalSection(ProjectConfigurationPlatforms) = postSolution
		{BCB0F7A4-9F82-463B-8E1C-49652D87BF35}.Debug|Any CPU.ActiveCfg = Debug|Any CPU
		{BCB0F7A4-9F82-463B-8E1C-49652D87BF35}.Debug|Any CPU.Build.0 = Debug|Any CPU
		{BCB0F7A4-9F82-463B-8E1C-49652D87BF35}.Release|Any CPU.ActiveCfg = Release|Any CPU
		{BCB0F7A4-9F82-463B-8E1C-49652D87BF35}.Release|Any CPU.Build.0 = Release|Any CPU
		{B662C716-AAF9-47B9-832E-33CEBEA2AAE6}.Debug|Any CPU.ActiveCfg = Debug|Any CPU
		{B662C716-AAF9-47B9-832E-33CEBEA2AAE6}.Debug|Any CPU.Build.0 = Debug|Any CPU
		{B662C716-AAF9-47B9-832E-33CEBEA2AAE6}.Release|Any CPU.ActiveCfg = Release|Any CPU
		{B662C716-AAF9-47B9-832E-33CEBEA2AAE6}.Release|Any CPU.Build.0 = Release|Any CPU
		{4D02F07B-7DBE-411B-BDBB-BD9DE25E7B07}.Debug|Any CPU.ActiveCfg = Debug|Any CPU
		{4D02F07B-7DBE-411B-BDBB-BD9DE25E7B07}.Debug|Any CPU.Build.0 = Debug|Any CPU
		{4D02F07B-7DBE-411B-BDBB-BD9DE25E7B07}.Release|Any CPU.ActiveCfg = Release|Any CPU
		{4D02F07B-7DBE-411B-BDBB-BD9DE25E7B07}.Release|Any CPU.Build.0 = Release|Any CPU
	EndGlobalSection
	GlobalSection(SolutionProperties) = preSolution
		HideSolutionNode = FALSE
	EndGlobalSection
	GlobalSection(ExtensibilityGlobals) = postSolution
		SolutionGuid = {B095C48F-A124-4B61-8EFC-54E429B894FA}
	EndGlobalSection
EndGlobal
